
Microsoft Visual Studio Solution File, Format Version 12.00
# Visual Studio Version 16
VisualStudioVersion = 16.0.36422.26
MinimumVisualStudioVersion = 10.0.40219.1
Project("{FAE04EC0-301F-11D3-BF4B-00C04F79EFBC}") = "HuginTest", "HuginTest.csproj", "{1F5D8F6B-FB45-47CA-99DD-FA2A02072559}"
EndProject
Global
	GlobalSection(SolutionConfigurationPlatforms) = preSolution
		Debug|Any CPU = Debug|Any CPU
		Release|Any CPU = Release|Any CPU
	EndGlobalSection
	GlobalSection(ProjectConfigurationPlatforms) = postSolution
		{1F5D8F6B-FB45-47CA-99DD-FA2A02072559}.Debug|Any CPU.ActiveCfg = Debug|Any CPU
		{1F5D8F6B-FB45-47CA-99DD-FA2A02072559}.Debug|Any CPU.Build.0 = Debug|Any CPU
		{1F5D8F6B-FB45-47CA-99DD-FA2A02072559}.Release|Any CPU.ActiveCfg = Release|Any CPU
		{1F5D8F6B-FB45-47CA-99DD-FA2A02072559}.Release|Any CPU.Build.0 = Release|Any CPU
	EndGlobalSection
	GlobalSection(SolutionProperties) = preSolution
		HideSolutionNode = FALSE
	EndGlobalSection
	GlobalSection(ExtensibilityGlobals) = postSolution
		SolutionGuid = {C6A636F7-304B-42DF-836C-7CE6040B3BEF}
	EndGlobalSection
EndGlobal
